{
    "_readme": [
        "This file locks the dependencies of your project to a known state",
        "Read more about it at https://getcomposer.org/doc/01-basic-usage.md#installing-dependencies",
        "This file is @generated automatically"
    ],
    "content-hash": "b4b7f600744233ae0b13f46e3df6f262",
    "packages": [
        {
            "name": "lcobucci/jwt",
            "version": "3.4.5",
            "source": {
                "type": "git",
                "url": "https://github.com/lcobucci/jwt.git",
                "reference": "511629a54465e89a31d3d7e4cf0935feab8b14c1"
            },
            "dist": {
                "type": "zip",
                "url": "https://api.github.com/repos/lcobucci/jwt/zipball/511629a54465e89a31d3d7e4cf0935feab8b14c1",
                "reference": "511629a54465e89a31d3d7e4cf0935feab8b14c1",
                "shasum": ""
            },
            "require": {
                "ext-mbstring": "*",
                "ext-openssl": "*",
                "php": "^5.6 || ^7.0"
            },
            "require-dev": {
                "mikey179/vfsstream": "~1.5",
                "phpmd/phpmd": "~2.2",
                "phpunit/php-invoker": "~1.1",
                "phpunit/phpunit": "^5.7 || ^7.3",
                "squizlabs/php_codesniffer": "~2.3"
            },
            "suggest": {
                "lcobucci/clock": "*"
            },
            "type": "library",
            "extra": {
                "branch-alias": {
                    "dev-master": "3.1-dev"
                }
            },
            "autoload": {
                "psr-4": {
                    "Lcobucci\\JWT\\": "src"
                },
                "files": [
                    "compat/class-aliases.php",
                    "compat/json-exception-polyfill.php",
                    "compat/lcobucci-clock-polyfill.php"
                ]
            },
            "notification-url": "https://packagist.org/downloads/",
            "license": [
                "BSD-3-Clause"
            ],
            "authors": [
                {
                    "name": "Luís Otávio Cobucci Oblonczyk",
                    "email": "lcobucci@gmail.com",
                    "role": "Developer"
                }
            ],
            "description": "A simple library to work with JSON Web Token and JSON Web Signature",
            "keywords": [
                "JWS",
                "jwt"
            ],
            "support": {
                "issues": "https://github.com/lcobucci/jwt/issues",
                "source": "https://github.com/lcobucci/jwt/tree/3.4.5"
            },
            "funding": [
                {
                    "url": "https://github.com/lcobucci",
                    "type": "github"
                },
                {
                    "url": "https://www.patreon.com/lcobucci",
                    "type": "patreon"
                }
            ],
            "time": "2021-02-16T09:40:01+00:00"
        },
        {
            "name": "ralouphie/mimey",
            "version": "2.1.0",
            "source": {
                "type": "git",
                "url": "https://github.com/ralouphie/mimey.git",
                "reference": "8f74e6da73f9df7bd965e4e123f3d8fb9acb89ba"
            },
            "dist": {
                "type": "zip",
                "url": "https://api.github.com/repos/ralouphie/mimey/zipball/8f74e6da73f9df7bd965e4e123f3d8fb9acb89ba",
                "reference": "8f74e6da73f9df7bd965e4e123f3d8fb9acb89ba",
                "shasum": ""
            },
            "require": {
                "php": "^5.4|^7.0"
            },
            "require-dev": {
                "php-coveralls/php-coveralls": "^1.1",
                "phpunit/phpunit": "^4.8 || ^5.7 || ^6.5"
            },
            "type": "library",
            "autoload": {
                "psr-4": {
                    "Mimey\\": "src/"
                }
            },
            "notification-url": "https://packagist.org/downloads/",
            "license": [
                "MIT"
            ],
            "authors": [
                {
                    "name": "Ralph Khattar",
                    "email": "ralph.khattar@gmail.com"
                }
            ],
            "description": "PHP package for converting file extensions to MIME types and vice versa.",
            "support": {
                "issues": "https://github.com/ralouphie/mimey/issues",
                "source": "https://github.com/ralouphie/mimey/tree/develop"
            },
            "time": "2019-03-08T08:49:03+00:00"
        }
    ],
    "packages-dev": [],
    "aliases": [],
    "minimum-stability": "stable",
    "stability-flags": [],
    "prefer-stable": false,
    "prefer-lowest": false,
    "platform": [],
    "platform-dev": [],
    "plugin-api-version": "2.1.0"
}
